// !$*UTF8*$!
{
	archiveVersion = 1;
	classes = {
	};
	objectVersion = 55;
	objects = {

/* Begin PBXBuildFile section */
		8466558A2886BCFA008F0BCE /* AppDelegate.swift in Sources */ = {isa = PBXBuildFile; fileRef = 846655892886BCFA008F0BCE /* AppDelegate.swift */; };
		8466558C2886BCFA008F0BCE /* SceneDelegate.swift in Sources */ = {isa = PBXBuildFile; fileRef = 8466558B2886BCFA008F0BCE /* SceneDelegate.swift */; };
		8466558E2886BCFA008F0BCE /* ViewController.swift in Sources */ = {isa = PBXBuildFile; fileRef = 8466558D2886BCFA008F0BCE /* ViewController.swift */; };
		846655912886BCFA008F0BCE /* Main.storyboard in Resources */ = {isa = PBXBuildFile; fileRef = 8466558F2886BCFA008F0BCE /* Main.storyboard */; };
		846655932886BCFC008F0BCE /* Assets.xcassets in Resources */ = {isa = PBXBuildFile; fileRef = 846655922886BCFC008F0BCE /* Assets.xcassets */; };
		846655962886BCFC008F0BCE /* LaunchScreen.storyboard in Resources */ = {isa = PBXBuildFile; fileRef = 846655942886BCFC008F0BCE /* LaunchScreen.storyboard */; };
		846655A12886BCFC008F0BCE /* UnitConversionTests.swift in Sources */ = {isa = PBXBuildFile; fileRef = 846655A02886BCFC008F0BCE /* UnitConversionTests.swift */; };
		846655AB2886BCFC008F0BCE /* UnitConversionUITests.swift in Sources */ = {isa = PBXBuildFile; fileRef = 846655AA2886BCFC008F0BCE /* UnitConversionUITests.swift */; };
		846655AD2886BCFC008F0BCE /* UnitConversionUITestsLaunchTests.swift in Sources */ = {isa = PBXBuildFile; fileRef = 846655AC2886BCFC008F0BCE /* UnitConversionUITestsLaunchTests.swift */; };
		846655BA2886BDB4008F0BCE /* SecondVC.swift in Sources */ = {isa = PBXBuildFile; fileRef = 846655B92886BDB4008F0BCE /* SecondVC.swift */; };
/* End PBXBuildFile section */

/* Begin PBXContainerItemProxy section */
		8466559D2886BCFC008F0BCE /* PBXContainerItemProxy */ = {
			isa = PBXContainerItemProxy;
			containerPortal = 8466557E2886BCFA008F0BCE /* Project object */;
			proxyType = 1;
			remoteGlobalIDString = 846655852886BCFA008F0BCE;
			remoteInfo = UnitConversion;
		};
		846655A72886BCFC008F0BCE /* PBXContainerItemProxy */ = {
			isa = PBXContainerItemProxy;
			containerPortal = 8466557E2886BCFA008F0BCE /* Project object */;
			proxyType = 1;
			remoteGlobalIDString = 846655852886BCFA008F0BCE;
			remoteInfo = UnitConversion;
		};
/* End PBXContainerItemProxy section */

/* Begin PBXFileReference section */
		846655862886BCFA008F0BCE /* UnitConversion.app */ = {isa = PBXFileReference; explicitFileType = wrapper.application; includeInIndex = 0; path = UnitConversion.app; sourceTree = BUILT_PRODUCTS_DIR; };
		846655892886BCFA008F0BCE /* AppDelegate.swift */ = {isa = PBXFileReference; lastKnownFileType = sourcecode.swift; path = AppDelegate.swift; sourceTree = "<group>"; };
		8466558B2886BCFA008F0BCE /* SceneDelegate.swift */ = {isa = PBXFileReference; lastKnownFileType = sourcecode.swift; path = SceneDelegate.swift; sourceTree = "<group>"; };
		8466558D2886BCFA008F0BCE /* ViewController.swift */ = {isa = PBXFileReference; lastKnownFileType = sourcecode.swift; path = ViewController.swift; sourceTree = "<group>"; };
		846655902886BCFA008F0BCE /* Base */ = {isa = PBXFileReference; lastKnownFileType = file.storyboard; name = Base; path = Base.lproj/Main.storyboard; sourceTree = "<group>"; };
		846655922886BCFC008F0BCE /* Assets.xcassets */ = {isa = PBXFileReference; lastKnownFileType = folder.assetcatalog; path = Assets.xcassets; sourceTree = "<group>"; };
		846655952886BCFC008F0BCE /* Base */ = {isa = PBXFileReference; lastKnownFileType = file.storyboard; name = Base; path = Base.lproj/LaunchScreen.storyboard; sourceTree = "<group>"; };
		846655972886BCFC008F0BCE /* Info.plist */ = {isa = PBXFileReference; lastKnownFileType = text.plist.xml; path = Info.plist; sourceTree = "<group>"; };
		8466559C2886BCFC008F0BCE /* UnitConversionTests.xctest */ = {isa = PBXFileReference; explicitFileType = wrapper.cfbundle; includeInIndex = 0; path = UnitConversionTests.xctest; sourceTree = BUILT_PRODUCTS_DIR; };
		846655A02886BCFC008F0BCE /* UnitConversionTests.swift */ = {isa = PBXFileReference; lastKnownFileType = sourcecode.swift; path = UnitConversionTests.swift; sourceTree = "<group>"; };
		846655A62886BCFC008F0BCE /* UnitConversionUITests.xctest */ = {isa = PBXFileReference; explicitFileType = wrapper.cfbundle; includeInIndex = 0; path = UnitConversionUITests.xctest; sourceTree = BUILT_PRODUCTS_DIR; };
		846655AA2886BCFC008F0BCE /* UnitConversionUITests.swift */ = {isa = PBXFileReference; lastKnownFileType = sourcecode.swift; path = UnitConversionUITests.swift; sourceTree = "<group>"; };
		846655AC2886BCFC008F0BCE /* UnitConversionUITestsLaunchTests.swift */ = {isa = PBXFileReference; lastKnownFileType = sourcecode.swift; path = UnitConversionUITestsLaunchTests.swift; sourceTree = "<group>"; };
		846655B92886BDB4008F0BCE /* SecondVC.swift */ = {isa = PBXFileReference; lastKnownFileType = sourcecode.swift; path = SecondVC.swift; sourceTree = "<group>"; };
/* End PBXFileReference section */

/* Begin PBXFrameworksBuildPhase section */
		846655832886BCFA008F0BCE /* Frameworks */ = {
			isa = PBXFrameworksBuildPhase;
			buildActionMask = 2147483647;
			files = (
			);
			runOnlyForDeploymentPostprocessing = 0;
		};
		846655992886BCFC008F0BCE /* Frameworks */ = {
			isa = PBXFrameworksBuildPhase;
			buildActionMask = 2147483647;
			files = (
			);
			runOnlyForDeploymentPostprocessing = 0;
		};
		846655A32886BCFC008F0BCE /* Frameworks */ = {
			isa = PBXFrameworksBuildPhase;
			buildActionMask = 2147483647;
			files = (
			);
			runOnlyForDeploymentPostprocessing = 0;
		};
/* End PBXFrameworksBuildPhase section */

/* Begin PBXGroup section */
		844780FE288E530900DFB204 /* ViewController */ = {
			isa = PBXGroup;
			children = (
				8466558D2886BCFA008F0BCE /* ViewController.swift */,
				846655B92886BDB4008F0BCE /* SecondVC.swift */,
			);
			path = ViewController;
			sourceTree = "<group>";
		};
		8466557D2886BCFA008F0BCE = {
			isa = PBXGroup;
			children = (
				846655882886BCFA008F0BCE /* UnitConversion */,
				8466559F2886BCFC008F0BCE /* UnitConversionTests */,
				846655A92886BCFC008F0BCE /* UnitConversionUITests */,
				846655872886BCFA008F0BCE /* Products */,
			);
			sourceTree = "<group>";
		};
		846655872886BCFA008F0BCE /* Products */ = {
			isa = PBXGroup;
			children = (
				846655862886BCFA008F0BCE /* UnitConversion.app */,
				8466559C2886BCFC008F0BCE /* UnitConversionTests.xctest */,
				846655A62886BCFC008F0BCE /* UnitConversionUITests.xctest */,
			);
			name = Products;
			sourceTree = "<group>";
		};
		846655882886BCFA008F0BCE /* UnitConversion */ = {
			isa = PBXGroup;
			children = (
				846655892886BCFA008F0BCE /* AppDelegate.swift */,
				8466558B2886BCFA008F0BCE /* SceneDelegate.swift */,
				844780FE288E530900DFB204 /* ViewController */,
				8466558F2886BCFA008F0BCE /* Main.storyboard */,
				846655922886BCFC008F0BCE /* Assets.xcassets */,
				846655942886BCFC008F0BCE /* LaunchScreen.storyboard */,
				846655972886BCFC008F0BCE /* Info.plist */,
			);
			path = UnitConversion;
			sourceTree = "<group>";
		};
		8466559F2886BCFC008F0BCE /* UnitConversionTests */ = {
			isa = PBXGroup;
			children = (
				846655A02886BCFC008F0BCE /* UnitConversionTests.swift */,
			);
			path = UnitConversionTests;
			sourceTree = "<group>";
		};
		846655A92886BCFC008F0BCE /* UnitConversionUITests */ = {
			isa = PBXGroup;
			children = (
				846655AA2886BCFC008F0BCE /* UnitConversionUITests.swift */,
				846655AC2886BCFC008F0BCE /* UnitConversionUITestsLaunchTests.swift */,
			);
			path = UnitConversionUITests;
			sourceTree = "<group>";
		};
/* End PBXGroup section */

/* Begin PBXNativeTarget section */
		846655852886BCFA008F0BCE /* UnitConversion */ = {
			isa = PBXNativeTarget;
			buildConfigurationList = 846655B02886BCFC008F0BCE /* Build configuration list for PBXNativeTarget "UnitConversion" */;
			buildPhases = (
				846655822886BCFA008F0BCE /* Sources */,
				846655832886BCFA008F0BCE /* Frameworks */,
				846655842886BCFA008F0BCE /* Resources */,
			);
			buildRules = (
			);
			dependencies = (
			);
			name = UnitConversion;
			productName = UnitConversion;
			productReference = 846655862886BCFA008F0BCE /* UnitConversion.app */;
			productType = "com.apple.product-type.application";
		};
		8466559B2886BCFC008F0BCE /* UnitConversionTests */ = {
			isa = PBXNativeTarget;
			buildConfigurationList = 846655B32886BCFC008F0BCE /* Build configuration list for PBXNativeTarget "UnitConversionTests" */;
			buildPhases = (
				846655982886BCFC008F0BCE /* Sources */,
				846655992886BCFC008F0BCE /* Frameworks */,
				8466559A2886BCFC008F0BCE /* Resources */,
			);
			buildRules = (
			);
			dependencies = (
				8466559E2886BCFC008F0BCE /* PBXTargetDependency */,
			);
			name = UnitConversionTests;
			productName = UnitConversionTests;
			productReference = 8466559C2886BCFC008F0BCE /* UnitConversionTests.xctest */;
			productType = "com.apple.product-type.bundle.unit-test";
		};
		846655A52886BCFC008F0BCE /* UnitConversionUITests */ = {
			isa = PBXNativeTarget;
			buildConfigurationList = 846655B62886BCFC008F0BCE /* Build configuration list for PBXNativeTarget "UnitConversionUITests" */;
			buildPhases = (
				846655A22886BCFC008F0BCE /* Sources */,
				846655A32886BCFC008F0BCE /* Frameworks */,
				846655A42886BCFC008F0BCE /* Resources */,
			);
			buildRules = (
			);
			dependencies = (
				846655A82886BCFC008F0BCE /* PBXTargetDependency */,
			);
			name = UnitConversionUITests;
			productName = UnitConversionUITests;
			productReference = 846655A62886BCFC008F0BCE /* UnitConversionUITests.xctest */;
			productType = "com.apple.product-type.bundle.ui-testing";
		};
/* End PBXNativeTarget section */

/* Begin PBXProject section */
		8466557E2886BCFA008F0BCE /* Project object */ = {
			isa = PBXProject;
			attributes = {
				BuildIndependentTargetsInParallel = 1;
				LastSwiftUpdateCheck = 1340;
				LastUpgradeCheck = 1340;
				TargetAttributes = {
					846655852886BCFA008F0BCE = {
						CreatedOnToolsVersion = 13.4.1;
					};
					8466559B2886BCFC008F0BCE = {
						CreatedOnToolsVersion = 13.4.1;
						TestTargetID = 846655852886BCFA008F0BCE;
					};
					846655A52886BCFC008F0BCE = {
						CreatedOnToolsVersion = 13.4.1;
						TestTargetID = 846655852886BCFA008F0BCE;
					};
				};
			};
			buildConfigurationList = 846655812886BCFA008F0BCE /* Build configuration list for PBXProject "UnitConversion" */;
			compatibilityVersion = "Xcode 13.0";
			developmentRegion = en;
			hasScannedForEncodings = 0;
			knownRegions = (
				en,
				Base,
			);
			mainGroup = 8466557D2886BCFA008F0BCE;
			productRefGroup = 846655872886BCFA008F0BCE /* Products */;
			projectDirPath = "";
			projectRoot = "";
			targets = (
				846655852886BCFA008F0BCE /* UnitConversion */,
				8466559B2886BCFC008F0BCE /* UnitConversionTests */,
				846655A52886BCFC008F0BCE /* UnitConversionUITests */,
			);
		};
/* End PBXProject section */

/* Begin PBXResourcesBuildPhase section */
		846655842886BCFA008F0BCE /* Resources */ = {
			isa = PBXResourcesBuildPhase;
			buildActionMask = 2147483647;
			files = (
				846655962886BCFC008F0BCE /* LaunchScreen.storyboard in Resources */,
				846655932886BCFC008F0BCE /* Assets.xcassets in Resources */,
				846655912886BCFA008F0BCE /* Main.storyboard in Resources */,
			);
			runOnlyForDeploymentPostprocessing = 0;
		};
		8466559A2886BCFC008F0BCE /* Resources */ = {
			isa = PBXResourcesBuildPhase;
			buildActionMask = 2147483647;
			files = (
			);
			runOnlyForDeploymentPostprocessing = 0;
		};
		846655A42886BCFC008F0BCE /* Resources */ = {
			isa = PBXResourcesBuildPhase;
			buildActionMask = 2147483647;
			files = (
			);
			runOnlyForDeploymentPostprocessing = 0;
		};
/* End PBXResourcesBuildPhase section */

/* Begin PBXSourcesBuildPhase section */
		846655822886BCFA008F0BCE /* Sources */ = {
			isa = PBXSourcesBuildPhase;
			buildActionMask = 2147483647;
			files = (
				8466558E2886BCFA008F0BCE /* ViewController.swift in Sources */,
				8466558A2886BCFA008F0BCE /* AppDelegate.swift in Sources */,
				846655BA2886BDB4008F0BCE /* SecondVC.swift in Sources */,
				8466558C2886BCFA008F0BCE /* SceneDelegate.swift in Sources */,
			);
			runOnlyForDeploymentPostprocessing = 0;
		};
		846655982886BCFC008F0BCE /* Sources */ = {
			isa = PBXSourcesBuildPhase;
			buildActionMask = 2147483647;
			files = (
				846655A12886BCFC008F0BCE /* UnitConversionTests.swift in Sources */,
			);
			runOnlyForDeploymentPostprocessing = 0;
		};
		846655A22886BCFC008F0BCE /* Sources */ = {
			isa = PBXSourcesBuildPhase;
			buildActionMask = 2147483647;
			files = (
				846655AD2886BCFC008F0BCE /* UnitConversionUITestsLaunchTests.swift in Sources */,
				846655AB2886BCFC008F0BCE /* UnitConversionUITests.swift in Sources */,
			);
			runOnlyForDeploymentPostprocessing = 0;
		};
/* End PBXSourcesBuildPhase section */

/* Begin PBXTargetDependency section */
		8466559E2886BCFC008F0BCE /* PBXTargetDependency */ = {
			isa = PBXTargetDependency;
			target = 846655852886BCFA008F0BCE /* UnitConversion */;
			targetProxy = 8466559D2886BCFC008F0BCE /* PBXContainerItemProxy */;
		};
		846655A82886BCFC008F0BCE /* PBXTargetDependency */ = {
			isa = PBXTargetDependency;
			target = 846655852886BCFA008F0BCE /* UnitConversion */;
			targetProxy = 846655A72886BCFC008F0BCE /* PBXContainerItemProxy */;
		};
/* End PBXTargetDependency section */

/* Begin PBXVariantGroup section */
		8466558F2886BCFA008F0BCE /* Main.storyboard */ = {
			isa = PBXVariantGroup;
			children = (
				846655902886BCFA008F0BCE /* Base */,
			);
			name = Main.storyboard;
			sourceTree = "<group>";
		};
		846655942886BCFC008F0BCE /* LaunchScreen.storyboard */ = {
			isa = PBXVariantGroup;
			children = (
				846655952886BCFC008F0BCE /* Base */,
			);
			name = LaunchScreen.storyboard;
			sourceTree = "<group>";
		};
/* End PBXVariantGroup section */

/* Begin XCBuildConfiguration section */
		846655AE2886BCFC008F0BCE /* Debug */ = {
			isa = XCBuildConfiguration;
			buildSettings = {
				ALWAYS_SEARCH_USER_PATHS = NO;
				CLANG_ANALYZER_NONNULL = YES;
				CLANG_ANALYZER_NUMBER_OBJECT_CONVERSION = YES_AGGRESSIVE;
				CLANG_CXX_LANGUAGE_STANDARD = "gnu++17";
				CLANG_ENABLE_MODULES = YES;
				CLANG_ENABLE_OBJC_ARC = YES;
				CLANG_ENABLE_OBJC_WEAK = YES;
				CLANG_WARN_BLOCK_CAPTURE_AUTORELEASING = YES;
				CLANG_WARN_BOOL_CONVERSION = YES;
				CLANG_WARN_COMMA = YES;
				CLANG_WARN_CONSTANT_CONVERSION = YES;
				CLANG_WARN_DEPRECATED_OBJC_IMPLEMENTATIONS = YES;
				CLANG_WARN_DIRECT_OBJC_ISA_USAGE = YES_ERROR;
				CLANG_WARN_DOCUMENTATION_COMMENTS = YES;
				CLANG_WARN_EMPTY_BODY = YES;
				CLANG_WARN_ENUM_CONVERSION = YES;
				CLANG_WARN_INFINITE_RECURSION = YES;
				CLANG_WARN_INT_CONVERSION = YES;
				CLANG_WARN_NON_LITERAL_NULL_CONVERSION = YES;
				CLANG_WARN_OBJC_IMPLICIT_RETAIN_SELF = YES;
				CLANG_WARN_OBJC_LITERAL_CONVERSION = YES;
				CLANG_WARN_OBJC_ROOT_CLASS = YES_ERROR;
				CLANG_WARN_QUOTED_INCLUDE_IN_FRAMEWORK_HEADER = YES;
				CLANG_WARN_RANGE_LOOP_ANALYSIS = YES;
				CLANG_WARN_STRICT_PROTOTYPES = YES;
				CLANG_WARN_SUSPICIOUS_MOVE = YES;
				CLANG_WARN_UNGUARDED_AVAILABILITY = YES_AGGRESSIVE;
				CLANG_WARN_UNREACHABLE_CODE = YES;
				CLANG_WARN__DUPLICATE_METHOD_MATCH = YES;
				COPY_PHASE_STRIP = NO;
				DEBUG_INFORMATION_FORMAT = dwarf;
				ENABLE_STRICT_OBJC_MSGSEND = YES;
				ENABLE_TESTABILITY = YES;
				GCC_C_LANGUAGE_STANDARD = gnu11;
				GCC_DYNAMIC_NO_PIC = NO;
				GCC_NO_COMMON_BLOCKS = YES;
				GCC_OPTIMIZATION_LEVEL = 0;
				GCC_PREPROCESSOR_DEFINITIONS = (
					"DEBUG=1",
					"$(inherited)",
				);
				GCC_WARN_64_TO_32_BIT_CONVERSION = YES;
				GCC_WARN_ABOUT_RETURN_TYPE = YES_ERROR;
				GCC_WARN_UNDECLARED_SELECTOR = YES;
				GCC_WARN_UNINITIALIZED_AUTOS = YES_AGGRESSIVE;
				GCC_WARN_UNUSED_FUNCTION = YES;
				GCC_WARN_UNUSED_VARIABLE = YES;
				IPHONEOS_DEPLOYMENT_TARGET = 15.5;
				MTL_ENABLE_DEBUG_INFO = INCLUDE_SOURCE;
				MTL_FAST_MATH = YES;
				ONLY_ACTIVE_ARCH = YES;
				SDKROOT = iphoneos;
				SWIFT_ACTIVE_COMPILATION_CONDITIONS = DEBUG;
				SWIFT_OPTIMIZATION_LEVEL = "-Onone";
			};
			name = Debug;
		};
		846655AF2886BCFC008F0BCE /* Release */ = {
			isa = XCBuildConfiguration;
			buildSettings = {
				ALWAYS_SEARCH_USER_PATHS = NO;
				CLANG_ANALYZER_NONNULL = YES;
				CLANG_ANALYZER_NUMBER_OBJECT_CONVERSION = YES_AGGRESSIVE;
				CLANG_CXX_LANGUAGE_STANDARD = "gnu++17";
				CLANG_ENABLE_MODULES = YES;
				CLANG_ENABLE_OBJC_ARC = YES;
				CLANG_ENABLE_OBJC_WEAK = YES;
				CLANG_WARN_BLOCK_CAPTURE_AUTORELEASING = YES;
				CLANG_WARN_BOOL_CONVERSION = YES;
				CLANG_WARN_COMMA = YES;
				CLANG_WARN_CONSTANT_CONVERSION = YES;
				CLANG_WARN_DEPRECATED_OBJC_IMPLEMENTATIONS = YES;
				CLANG_WARN_DIRECT_OBJC_ISA_USAGE = YES_ERROR;
				CLANG_WARN_DOCUMENTATION_COMMENTS = YES;
				CLANG_WARN_EMPTY_BODY = YES;
				CLANG_WARN_ENUM_CONVERSION = YES;
				CLANG_WARN_INFINITE_RECURSION = YES;
				CLANG_WARN_INT_CONVERSION = YES;
				CLANG_WARN_NON_LITERAL_NULL_CONVERSION = YES;
				CLANG_WARN_OBJC_IMPLICIT_RETAIN_SELF = YES;
				CLANG_WARN_OBJC_LITERAL_CONVERSION = YES;
				CLANG_WARN_OBJC_ROOT_CLASS = YES_ERROR;
				CLANG_WARN_QUOTED_INCLUDE_IN_FRAMEWORK_HEADER = YES;
				CLANG_WARN_RANGE_LOOP_ANALYSIS = YES;
				CLANG_WARN_STRICT_PROTOTYPES = YES;
				CLANG_WARN_SUSPICIOUS_MOVE = YES;
				CLANG_WARN_UNGUARDED_AVAILABILITY = YES_AGGRESSIVE;
				CLANG_WARN_UNREACHABLE_CODE = YES;
				CLANG_WARN__DUPLICATE_METHOD_MATCH = YES;
				COPY_PHASE_STRIP = NO;
				DEBUG_INFORMATION_FORMAT = "dwarf-with-dsym";
				ENABLE_NS_ASSERTIONS = NO;
				ENABLE_STRICT_OBJC_MSGSEND = YES;
				GCC_C_LANGUAGE_STANDARD = gnu11;
				GCC_NO_COMMON_BLOCKS = YES;
				GCC_WARN_64_TO_32_BIT_CONVERSION = YES;
				GCC_WARN_ABOUT_RETURN_TYPE = YES_ERROR;
				GCC_WARN_UNDECLARED_SELECTOR = YES;
				GCC_WARN_UNINITIALIZED_AUTOS = YES_AGGRESSIVE;
				GCC_WARN_UNUSED_FUNCTION = YES;
				GCC_WARN_UNUSED_VARIABLE = YES;
				IPHONEOS_DEPLOYMENT_TARGET = 15.5;
				MTL_ENABLE_DEBUG_INFO = NO;
				MTL_FAST_MATH = YES;
				SDKROOT = iphoneos;
				SWIFT_COMPILATION_MODE = wholemodule;
				SWIFT_OPTIMIZATION_LEVEL = "-O";
				VALIDATE_PRODUCT = YES;
			};
			name = Release;
		};
		846655B12886BCFC008F0BCE /* Debug */ = {
			isa = XCBuildConfiguration;
			buildSettings = {
				ASSETCATALOG_COMPILER_APPICON_NAME = AppIcon;
				ASSETCATALOG_COMPILER_GLOBAL_ACCENT_COLOR_NAME = AccentColor;
				CODE_SIGN_STYLE = Automatic;
				CURRENT_PROJECT_VERSION = 1;
				DEVELOPMENT_TEAM = 34ZY4UYRXV;
				GENERATE_INFOPLIST_FILE = YES;
				INFOPLIST_FILE = UnitConversion/Info.plist;
				INFOPLIST_KEY_UIApplicationSupportsIndirectInputEvents = YES;
				INFOPLIST_KEY_UILaunchStoryboardName = LaunchScreen;
				INFOPLIST_KEY_UIMainStoryboardFile = Main;
				INFOPLIST_KEY_UISupportedInterfaceOrientations_iPad = "UIInterfaceOrientationPortrait UIInterfaceOrientationPortraitUpsideDown UIInterfaceOrientationLandscapeLeft UIInterfaceOrientationLandscapeRight";
				INFOPLIST_KEY_UISupportedInterfaceOrientations_iPhone = "UIInterfaceOrientationPortrait UIInterfaceOrientationLandscapeLeft UIInterfaceOrientationLandscapeRight";
				LD_RUNPATH_SEARCH_PATHS = (
					"$(inherited)",
					"@executable_path/Frameworks",
				);
				MARKETING_VERSION = 1.0;
				PRODUCT_BUNDLE_IDENTIFIER = com.bridgelabz.UnitConversion;
				PRODUCT_NAME = "$(TARGET_NAME)";
				SWIFT_EMIT_LOC_STRINGS = YES;
				SWIFT_VERSION = 5.0;
				TARGETED_DEVICE_FAMILY = "1,2";
			};
			name = Debug;
		};
		846655B22886BCFC008F0BCE /* Release */ = {
			isa = XCBuildConfiguration;
			buildSettings = {
				ASSETCATALOG_COMPILER_APPICON_NAME = AppIcon;
				ASSETCATALOG_COMPILER_GLOBAL_ACCENT_COLOR_NAME = AccentColor;
				CODE_SIGN_STYLE = Automatic;
				CURRENT_PROJECT_VERSION = 1;
				DEVELOPMENT_TEAM = 34ZY4UYRXV;
				GENERATE_INFOPLIST_FILE = YES;
				INFOPLIST_FILE = UnitConversion/Info.plist;
				INFOPLIST_KEY_UIApplicationSupportsIndirectInputEvents = YES;
				INFOPLIST_KEY_UILaunchStoryboardName = LaunchScreen;
				INFOPLIST_KEY_UIMainStoryboardFile = Main;
				INFOPLIST_KEY_UISupportedInterfaceOrientations_iPad = "UIInterfaceOrientationPortrait UIInterfaceOrientationPortraitUpsideDown UIInterfaceOrientationLandscapeLeft UIInterfaceOrientationLandscapeRight";
				INFOPLIST_KEY_UISupportedInterfaceOrientations_iPhone = "UIInterfaceOrientationPortrait UIInterfaceOrientationLandscapeLeft UIInterfaceOrientationLandscapeRight";
				LD_RUNPATH_SEARCH_PATHS = (
					"$(inherited)",
					"@executable_path/Frameworks",
				);
				MARKETING_VERSION = 1.0;
				PRODUCT_BUNDLE_IDENTIFIER = com.bridgelabz.UnitConversion;
				PRODUCT_NAME = "$(TARGET_NAME)";
				SWIFT_EMIT_LOC_STRINGS = YES;
				SWIFT_VERSION = 5.0;
				TARGETED_DEVICE_FAMILY = "1,2";
			};
			name = Release;
		};
		846655B42886BCFC008F0BCE /* Debug */ = {
			isa = XCBuildConfiguration;
			buildSettings = {
				ALWAYS_EMBED_SWIFT_STANDARD_LIBRARIES = YES;
				BUNDLE_LOADER = "$(TEST_HOST)";
				CODE_SIGN_STYLE = Automatic;
				CURRENT_PROJECT_VERSION = 1;
				DEVELOPMENT_TEAM = 34ZY4UYRXV;
				GENERATE_INFOPLIST_FILE = YES;
				IPHONEOS_DEPLOYMENT_TARGET = 15.5;
				MARKETING_VERSION = 1.0;
				PRODUCT_BUNDLE_IDENTIFIER = com.bridgelabz.UnitConversionTests;
				PRODUCT_NAME = "$(TARGET_NAME)";
				SWIFT_EMIT_LOC_STRINGS = NO;
				SWIFT_VERSION = 5.0;
				TARGETED_DEVICE_FAMILY = "1,2";
				TEST_HOST = "$(BUILT_PRODUCTS_DIR)/UnitConversion.app/UnitConversion";
			};
			name = Debug;
		};
		846655B52886BCFC008F0BCE /* Release */ = {
			isa = XCBuildConfiguration;
			buildSettings = {
				ALWAYS_EMBED_SWIFT_STANDARD_LIBRARIES = YES;
				BUNDLE_LOADER = "$(TEST_HOST)";
				CODE_SIGN_STYLE = Automatic;
				CURRENT_PROJECT_VERSION = 1;
				DEVELOPMENT_TEAM = 34ZY4UYRXV;
				GENERATE_INFOPLIST_FILE = YES;
				IPHONEOS_DEPLOYMENT_TARGET = 15.5;
				MARKETING_VERSION = 1.0;
				PRODUCT_BUNDLE_IDENTIFIER = com.bridgelabz.UnitConversionTests;
				PRODUCT_NAME = "$(TARGET_NAME)";
				SWIFT_EMIT_LOC_STRINGS = NO;
				SWIFT_VERSION = 5.0;
				TARGETED_DEVICE_FAMILY = "1,2";
				TEST_HOST = "$(BUILT_PRODUCTS_DIR)/UnitConversion.app/UnitConversion";
			};
			name = Release;
		};
		846655B72886BCFC008F0BCE /* Debug */ = {
			isa = XCBuildConfiguration;
			buildSettings = {
				ALWAYS_EMBED_SWIFT_STANDARD_LIBRARIES = YES;
				CODE_SIGN_STYLE = Automatic;
				CURRENT_PROJECT_VERSION = 1;
				DEVELOPMENT_TEAM = 34ZY4UYRXV;
				GENERATE_INFOPLIST_FILE = YES;
				MARKETING_VERSION = 1.0;
				PRODUCT_BUNDLE_IDENTIFIER = com.bridgelabz.UnitConversionUITests;
				PRODUCT_NAME = "$(TARGET_NAME)";
				SWIFT_EMIT_LOC_STRINGS = NO;
				SWIFT_VERSION = 5.0;
				TARGETED_DEVICE_FAMILY = "1,2";
				TEST_TARGET_NAME = UnitConversion;
			};
			name = Debug;
		};
		846655B82886BCFC008F0BCE /* Release */ = {
			isa = XCBuildConfiguration;
			buildSettings = {
				ALWAYS_EMBED_SWIFT_STANDARD_LIBRARIES = YES;
				CODE_SIGN_STYLE = Automatic;
				CURRENT_PROJECT_VERSION = 1;
				DEVELOPMENT_TEAM = 34ZY4UYRXV;
				GENERATE_INFOPLIST_FILE = YES;
				MARKETING_VERSION = 1.0;
				PRODUCT_BUNDLE_IDENTIFIER = com.bridgelabz.UnitConversionUITests;
				PRODUCT_NAME = "$(TARGET_NAME)";
				SWIFT_EMIT_LOC_STRINGS = NO;
				SWIFT_VERSION = 5.0;
				TARGETED_DEVICE_FAMILY = "1,2";
				TEST_TARGET_NAME = UnitConversion;
			};
			name = Release;
		};
/* End XCBuildConfiguration section */

/* Begin XCConfigurationList section */
		846655812886BCFA008F0BCE /* Build configuration list for PBXProject "UnitConversion" */ = {
			isa = XCConfigurationList;
			buildConfigurations = (
				846655AE2886BCFC008F0BCE /* Debug */,
				846655AF2886BCFC008F0BCE /* Release */,
			);
			defaultConfigurationIsVisible = 0;
			defaultConfigurationName = Release;
		};
		846655B02886BCFC008F0BCE /* Build configuration list for PBXNativeTarget "UnitConversion" */ = {
			isa = XCConfigurationList;
			buildConfigurations = (
				846655B12886BCFC008F0BCE /* Debug */,
				846655B22886BCFC008F0BCE /* Release */,
			);
			defaultConfigurationIsVisible = 0;
			defaultConfigurationName = Release;
		};
		846655B32886BCFC008F0BCE /* Build configuration list for PBXNativeTarget "UnitConversionTests" */ = {
			isa = XCConfigurationList;
			buildConfigurations = (
				846655B42886BCFC008F0BCE /* Debug */,
				846655B52886BCFC008F0BCE /* Release */,
			);
			defaultConfigurationIsVisible = 0;
			defaultConfigurationName = Release;
		};
		846655B62886BCFC008F0BCE /* Build configuration list for PBXNativeTarget "UnitConversionUITests" */ = {
			isa = XCConfigurationList;
			buildConfigurations = (
				846655B72886BCFC008F0BCE /* Debug */,
				846655B82886BCFC008F0BCE /* Release */,
			);
			defaultConfigurationIsVisible = 0;
			defaultConfigurationName = Release;
		};
/* End XCConfigurationList section */
	};
	rootObject = 8466557E2886BCFA008F0BCE /* Project object */;
}
